
Microsoft Visual Studio Solution File, Format Version 12.00
# Visual Studio Version 17
VisualStudioVersion = 17.10.35122.118
MinimumVisualStudioVersion = 10.0.40219.1
Project("{D954291E-2A0B-460D-934E-DC6B0785DB48}") = "Backlogs.Shared", "Backlogs\Backlogs.Shared\Backlogs.Shared.shproj", "{6279C845-92F8-4333-AB99-3D213163593C}"
EndProject
Project("{9A19103F-16F7-4668-BE54-9A1E7A4F7556}") = "Backlogs.Mobile", "Backlogs\Backlogs.Mobile\Backlogs.Mobile.csproj", "{8C9BA5D0-5634-4AFF-B381-9466D7B90000}"
EndProject
Project("{FAE04EC0-301F-11D3-BF4B-00C04F79EFBC}") = "Backlogs.Uwp", "Backlogs\Backlogs.UWP\Backlogs.Uwp.csproj", "{08EE3CA4-2E5B-42D9-B475-C6B9F059FBAF}"
EndProject
Project("{9A19103F-16F7-4668-BE54-9A1E7A4F7556}") = "Backlogs", "Backlogs\Backlogs\Backlogs.csproj", "{859A9719-8BA5-4157-9BDC-2573DF83679D}"
EndProject
Project("{9A19103F-16F7-4668-BE54-9A1E7A4F7556}") = "Backlogs.Wasm", "Backlogs\Backlogs.Wasm\Backlogs.Wasm.csproj", "{466DE95C-3B8B-4D53-BD50-8516D151FAD6}"
EndProject
Global
	GlobalSection(SolutionConfigurationPlatforms) = preSolution
		Debug|Any CPU = Debug|Any CPU
		Debug|ARM = Debug|ARM
		Debug|ARM64 = Debug|ARM64
		Debug|x64 = Debug|x64
		Debug|x86 = Debug|x86
		Release|Any CPU = Release|Any CPU
		Release|ARM = Release|ARM
		Release|ARM64 = Release|ARM64
		Release|x64 = Release|x64
		Release|x86 = Release|x86
	EndGlobalSection
	GlobalSection(ProjectConfigurationPlatforms) = postSolution
		{8C9BA5D0-5634-4AFF-B381-9466D7B90000}.Debug|Any CPU.ActiveCfg = Debug|Any CPU
		{8C9BA5D0-5634-4AFF-B381-9466D7B90000}.Debug|Any CPU.Build.0 = Debug|Any CPU
		{8C9BA5D0-5634-4AFF-B381-9466D7B90000}.Debug|Any CPU.Deploy.0 = Debug|Any CPU
		{8C9BA5D0-5634-4AFF-B381-9466D7B90000}.Debug|ARM.ActiveCfg = Debug|Any CPU
		{8C9BA5D0-5634-4AFF-B381-9466D7B90000}.Debug|ARM.Build.0 = Debug|Any CPU
		{8C9BA5D0-5634-4AFF-B381-9466D7B90000}.Debug|ARM.Deploy.0 = Debug|Any CPU
		{8C9BA5D0-5634-4AFF-B381-9466D7B90000}.Debug|ARM64.ActiveCfg = Debug|Any CPU
		{8C9BA5D0-5634-4AFF-B381-9466D7B90000}.Debug|ARM64.Build.0 = Debug|Any CPU
		{8C9BA5D0-5634-4AFF-B381-9466D7B90000}.Debug|ARM64.Deploy.0 = Debug|Any CPU
		{8C9BA5D0-5634-4AFF-B381-9466D7B90000}.Debug|x64.ActiveCfg = Debug|Any CPU
		{8C9BA5D0-5634-4AFF-B381-9466D7B90000}.Debug|x64.Build.0 = Debug|Any CPU
		{8C9BA5D0-5634-4AFF-B381-9466D7B90000}.Debug|x64.Deploy.0 = Debug|Any CPU
		{8C9BA5D0-5634-4AFF-B381-9466D7B90000}.Debug|x86.ActiveCfg = Debug|Any CPU
		{8C9BA5D0-5634-4AFF-B381-9466D7B90000}.Debug|x86.Build.0 = Debug|Any CPU
		{8C9BA5D0-5634-4AFF-B381-9466D7B90000}.Debug|x86.Deploy.0 = Debug|Any CPU
		{8C9BA5D0-5634-4AFF-B381-9466D7B90000}.Release|Any CPU.ActiveCfg = Release|Any CPU
		{8C9BA5D0-5634-4AFF-B381-9466D7B90000}.Release|Any CPU.Build.0 = Release|Any CPU
		{8C9BA5D0-5634-4AFF-B381-9466D7B90000}.Release|Any CPU.Deploy.0 = Release|Any CPU
		{8C9BA5D0-5634-4AFF-B381-9466D7B90000}.Release|ARM.ActiveCfg = Release|Any CPU
		{8C9BA5D0-5634-4AFF-B381-9466D7B90000}.Release|ARM.Build.0 = Release|Any CPU
		{8C9BA5D0-5634-4AFF-B381-9466D7B90000}.Release|ARM.Deploy.0 = Release|Any CPU
		{8C9BA5D0-5634-4AFF-B381-9466D7B90000}.Release|ARM64.ActiveCfg = Release|Any CPU
		{8C9BA5D0-5634-4AFF-B381-9466D7B90000}.Release|ARM64.Build.0 = Release|Any CPU
		{8C9BA5D0-5634-4AFF-B381-9466D7B90000}.Release|ARM64.Deploy.0 = Release|Any CPU
		{8C9BA5D0-5634-4AFF-B381-9466D7B90000}.Release|x64.ActiveCfg = Release|Any CPU
		{8C9BA5D0-5634-4AFF-B381-9466D7B90000}.Release|x64.Build.0 = Release|Any CPU
		{8C9BA5D0-5634-4AFF-B381-9466D7B90000}.Release|x64.Deploy.0 = Release|Any CPU
		{8C9BA5D0-5634-4AFF-B381-9466D7B90000}.Release|x86.ActiveCfg = Release|Any CPU
		{8C9BA5D0-5634-4AFF-B381-9466D7B90000}.Release|x86.Build.0 = Release|Any CPU
		{8C9BA5D0-5634-4AFF-B381-9466D7B90000}.Release|x86.Deploy.0 = Release|Any CPU
		{08EE3CA4-2E5B-42D9-B475-C6B9F059FBAF}.Debug|Any CPU.ActiveCfg = Debug|x64
		{08EE3CA4-2E5B-42D9-B475-C6B9F059FBAF}.Debug|Any CPU.Build.0 = Debug|x64
		{08EE3CA4-2E5B-42D9-B475-C6B9F059FBAF}.Debug|Any CPU.Deploy.0 = Debug|x64
		{08EE3CA4-2E5B-42D9-B475-C6B9F059FBAF}.Debug|ARM.ActiveCfg = Debug|ARM
		{08EE3CA4-2E5B-42D9-B475-C6B9F059FBAF}.Debug|ARM.Build.0 = Debug|ARM
		{08EE3CA4-2E5B-42D9-B475-C6B9F059FBAF}.Debug|ARM.Deploy.0 = Debug|ARM
		{08EE3CA4-2E5B-42D9-B475-C6B9F059FBAF}.Debug|ARM64.ActiveCfg = Debug|ARM64
		{08EE3CA4-2E5B-42D9-B475-C6B9F059FBAF}.Debug|ARM64.Build.0 = Debug|ARM64
		{08EE3CA4-2E5B-42D9-B475-C6B9F059FBAF}.Debug|ARM64.Deploy.0 = Debug|ARM64
		{08EE3CA4-2E5B-42D9-B475-C6B9F059FBAF}.Debug|x64.ActiveCfg = Debug|x64
		{08EE3CA4-2E5B-42D9-B475-C6B9F059FBAF}.Debug|x64.Build.0 = Debug|x64
		{08EE3CA4-2E5B-42D9-B475-C6B9F059FBAF}.Debug|x64.Deploy.0 = Debug|x64
		{08EE3CA4-2E5B-42D9-B475-C6B9F059FBAF}.Debug|x86.ActiveCfg = Debug|x86
		{08EE3CA4-2E5B-42D9-B475-C6B9F059FBAF}.Debug|x86.Build.0 = Debug|x86
		{08EE3CA4-2E5B-42D9-B475-C6B9F059FBAF}.Debug|x86.Deploy.0 = Debug|x86
		{08EE3CA4-2E5B-42D9-B475-C6B9F059FBAF}.Release|Any CPU.ActiveCfg = Release|x64
		{08EE3CA4-2E5B-42D9-B475-C6B9F059FBAF}.Release|Any CPU.Build.0 = Release|x64
		{08EE3CA4-2E5B-42D9-B475-C6B9F059FBAF}.Release|Any CPU.Deploy.0 = Release|x64
		{08EE3CA4-2E5B-42D9-B475-C6B9F059FBAF}.Release|ARM.ActiveCfg = Release|ARM
		{08EE3CA4-2E5B-42D9-B475-C6B9F059FBAF}.Release|ARM.Build.0 = Release|ARM
		{08EE3CA4-2E5B-42D9-B475-C6B9F059FBAF}.Release|ARM.Deploy.0 = Release|ARM
		{08EE3CA4-2E5B-42D9-B475-C6B9F059FBAF}.Release|ARM64.ActiveCfg = Release|ARM64
		{08EE3CA4-2E5B-42D9-B475-C6B9F059FBAF}.Release|ARM64.Build.0 = Release|ARM64
		{08EE3CA4-2E5B-42D9-B475-C6B9F059FBAF}.Release|ARM64.Deploy.0 = Release|ARM64
		{08EE3CA4-2E5B-42D9-B475-C6B9F059FBAF}.Release|x64.ActiveCfg = Release|x64
		{08EE3CA4-2E5B-42D9-B475-C6B9F059FBAF}.Release|x64.Build.0 = Release|x64
		{08EE3CA4-2E5B-42D9-B475-C6B9F059FBAF}.Release|x64.Deploy.0 = Release|x64
		{08EE3CA4-2E5B-42D9-B475-C6B9F059FBAF}.Release|x86.ActiveCfg = Release|x86
		{08EE3CA4-2E5B-42D9-B475-C6B9F059FBAF}.Release|x86.Build.0 = Release|x86
		{08EE3CA4-2E5B-42D9-B475-C6B9F059FBAF}.Release|x86.Deploy.0 = Release|x86
		{859A9719-8BA5-4157-9BDC-2573DF83679D}.Debug|Any CPU.ActiveCfg = Debug|Any CPU
		{859A9719-8BA5-4157-9BDC-2573DF83679D}.Debug|Any CPU.Build.0 = Debug|Any CPU
		{859A9719-8BA5-4157-9BDC-2573DF83679D}.Debug|ARM.ActiveCfg = Debug|Any CPU
		{859A9719-8BA5-4157-9BDC-2573DF83679D}.Debug|ARM.Build.0 = Debug|Any CPU
		{859A9719-8BA5-4157-9BDC-2573DF83679D}.Debug|ARM64.ActiveCfg = Debug|Any CPU
		{859A9719-8BA5-4157-9BDC-2573DF83679D}.Debug|ARM64.Build.0 = Debug|Any CPU
		{859A9719-8BA5-4157-9BDC-2573DF83679D}.Debug|x64.ActiveCfg = Debug|Any CPU
		{859A9719-8BA5-4157-9BDC-2573DF83679D}.Debug|x64.Build.0 = Debug|Any CPU
		{859A9719-8BA5-4157-9BDC-2573DF83679D}.Debug|x86.ActiveCfg = Debug|Any CPU
		{859A9719-8BA5-4157-9BDC-2573DF83679D}.Debug|x86.Build.0 = Debug|Any CPU
		{859A9719-8BA5-4157-9BDC-2573DF83679D}.Release|Any CPU.ActiveCfg = Release|Any CPU
		{859A9719-8BA5-4157-9BDC-2573DF83679D}.Release|Any CPU.Build.0 = Release|Any CPU
		{859A9719-8BA5-4157-9BDC-2573DF83679D}.Release|ARM.ActiveCfg = Release|Any CPU
		{859A9719-8BA5-4157-9BDC-2573DF83679D}.Release|ARM.Build.0 = Release|Any CPU
		{859A9719-8BA5-4157-9BDC-2573DF83679D}.Release|ARM64.ActiveCfg = Release|Any CPU
		{859A9719-8BA5-4157-9BDC-2573DF83679D}.Release|ARM64.Build.0 = Release|Any CPU
		{859A9719-8BA5-4157-9BDC-2573DF83679D}.Release|x64.ActiveCfg = Release|Any CPU
		{859A9719-8BA5-4157-9BDC-2573DF83679D}.Release|x64.Build.0 = Release|Any CPU
		{859A9719-8BA5-4157-9BDC-2573DF83679D}.Release|x86.ActiveCfg = Release|Any CPU
		{859A9719-8BA5-4157-9BDC-2573DF83679D}.Release|x86.Build.0 = Release|Any CPU
		{466DE95C-3B8B-4D53-BD50-8516D151FAD6}.Debug|Any CPU.ActiveCfg = Debug|Any CPU
		{466DE95C-3B8B-4D53-BD50-8516D151FAD6}.Debug|Any CPU.Build.0 = Debug|Any CPU
		{466DE95C-3B8B-4D53-BD50-8516D151FAD6}.Debug|ARM.ActiveCfg = Debug|Any CPU
		{466DE95C-3B8B-4D53-BD50-8516D151FAD6}.Debug|ARM.Build.0 = Debug|Any CPU
		{466DE95C-3B8B-4D53-BD50-8516D151FAD6}.Debug|ARM64.ActiveCfg = Debug|Any CPU
		{466DE95C-3B8B-4D53-BD50-8516D151FAD6}.Debug|ARM64.Build.0 = Debug|Any CPU
		{466DE95C-3B8B-4D53-BD50-8516D151FAD6}.Debug|x64.ActiveCfg = Debug|Any CPU
		{466DE95C-3B8B-4D53-BD50-8516D151FAD6}.Debug|x64.Build.0 = Debug|Any CPU
		{466DE95C-3B8B-4D53-BD50-8516D151FAD6}.Debug|x86.ActiveCfg = Debug|Any CPU
		{466DE95C-3B8B-4D53-BD50-8516D151FAD6}.Debug|x86.Build.0 = Debug|Any CPU
		{466DE95C-3B8B-4D53-BD50-8516D151FAD6}.Release|Any CPU.ActiveCfg = Release|Any CPU
		{466DE95C-3B8B-4D53-BD50-8516D151FAD6}.Release|Any CPU.Build.0 = Release|Any CPU
		{466DE95C-3B8B-4D53-BD50-8516D151FAD6}.Release|ARM.ActiveCfg = Release|Any CPU
		{466DE95C-3B8B-4D53-BD50-8516D151FAD6}.Release|ARM.Build.0 = Release|Any CPU
		{466DE95C-3B8B-4D53-BD50-8516D151FAD6}.Release|ARM64.ActiveCfg = Release|Any CPU
		{466DE95C-3B8B-4D53-BD50-8516D151FAD6}.Release|ARM64.Build.0 = Release|Any CPU
		{466DE95C-3B8B-4D53-BD50-8516D151FAD6}.Release|x64.ActiveCfg = Release|Any CPU
		{466DE95C-3B8B-4D53-BD50-8516D151FAD6}.Release|x64.Build.0 = Release|Any CPU
		{466DE95C-3B8B-4D53-BD50-8516D151FAD6}.Release|x86.ActiveCfg = Release|Any CPU
		{466DE95C-3B8B-4D53-BD50-8516D151FAD6}.Release|x86.Build.0 = Release|Any CPU
	EndGlobalSection
	GlobalSection(SolutionProperties) = preSolution
		HideSolutionNode = FALSE
	EndGlobalSection
	GlobalSection(ExtensibilityGlobals) = postSolution
		SolutionGuid = {CEBB59F1-826E-4559-BF72-10A8115ABA92}
	EndGlobalSection
	GlobalSection(SharedMSBuildProjectFiles) = preSolution
		Backlogs\Backlogs.Shared\Backlogs.Shared.projitems*{466de95c-3b8b-4d53-bd50-8516d151fad6}*SharedItemsImports = 5
		Backlogs\Backlogs.Shared\Backlogs.Shared.projitems*{6279c845-92f8-4333-ab99-3d213163593c}*SharedItemsImports = 13
		Backlogs\Backlogs.Shared\Backlogs.Shared.projitems*{8c9ba5d0-5634-4aff-b381-9466d7b90000}*SharedItemsImports = 5
	EndGlobalSection
EndGlobal
